
Microsoft Visual Studio Solution File, Format Version 12.00
# Visual Studio Version 17
VisualStudioVersion = 17.13.35806.99 d17.13
MinimumVisualStudioVersion = 10.0.40219.1
Project("{FAE04EC0-301F-11D3-BF4B-00C04F79EFBC}") = "ET_demo", "ET_demo\ET_demo.csproj", "{DFA13A06-6308-475F-AE18-221A3FBAFDE3}"
EndProject
Global
	GlobalSection(SolutionConfigurationPlatforms) = preSolution
		Debug|Any CPU = Debug|Any CPU
		Release|Any CPU = Release|Any CPU
	EndGlobalSection
	GlobalSection(ProjectConfigurationPlatforms) = postSolution
		{DFA13A06-6308-475F-AE18-221A3FBAFDE3}.Debug|Any CPU.ActiveCfg = Debug|Any CPU
		{DFA13A06-6308-475F-AE18-221A3FBAFDE3}.Debug|Any CPU.Build.0 = Debug|Any CPU
		{DFA13A06-6308-475F-AE18-221A3FBAFDE3}.Release|Any CPU.ActiveCfg = Release|Any CPU
		{DFA13A06-6308-475F-AE18-221A3FBAFDE3}.Release|Any CPU.Build.0 = Release|Any CPU
	EndGlobalSection
	GlobalSection(SolutionProperties) = preSolution
		HideSolutionNode = FALSE
	EndGlobalSection
	GlobalSection(ExtensibilityGlobals) = postSolution
		SolutionGuid = {E6F8D38B-67A9-471F-B262-60C23AE889B7}
	EndGlobalSection
EndGlobal
