
Microsoft Visual Studio Solution File, Format Version 12.00
# Visual Studio Version 17
VisualStudioVersion = 17.13.35806.99 d17.13
MinimumVisualStudioVersion = 10.0.40219.1
Project("{FAE04EC0-301F-11D3-BF4B-00C04F79EFBC}") = "PropertiesDemo", "PropertiesDemo\PropertiesDemo.csproj", "{346376FB-410C-49ED-8514-D7312DEDC36A}"
EndProject
Project("{FAE04EC0-301F-11D3-BF4B-00C04F79EFBC}") = "EncapsulationDemo", "EncapsulationDemo\EncapsulationDemo.csproj", "{2FC17776-CCDF-45EC-AB71-13E58893C16A}"
EndProject
Global
	GlobalSection(SolutionConfigurationPlatforms) = preSolution
		Debug|Any CPU = Debug|Any CPU
		Release|Any CPU = Release|Any CPU
	EndGlobalSection
	GlobalSection(ProjectConfigurationPlatforms) = postSolution
		{346376FB-410C-49ED-8514-D7312DEDC36A}.Debug|Any CPU.ActiveCfg = Debug|Any CPU
		{346376FB-410C-49ED-8514-D7312DEDC36A}.Debug|Any CPU.Build.0 = Debug|Any CPU
		{346376FB-410C-49ED-8514-D7312DEDC36A}.Release|Any CPU.ActiveCfg = Release|Any CPU
		{346376FB-410C-49ED-8514-D7312DEDC36A}.Release|Any CPU.Build.0 = Release|Any CPU
		{2FC17776-CCDF-45EC-AB71-13E58893C16A}.Debug|Any CPU.ActiveCfg = Debug|Any CPU
		{2FC17776-CCDF-45EC-AB71-13E58893C16A}.Debug|Any CPU.Build.0 = Debug|Any CPU
		{2FC17776-CCDF-45EC-AB71-13E58893C16A}.Release|Any CPU.ActiveCfg = Release|Any CPU
		{2FC17776-CCDF-45EC-AB71-13E58893C16A}.Release|Any CPU.Build.0 = Release|Any CPU
	EndGlobalSection
	GlobalSection(SolutionProperties) = preSolution
		HideSolutionNode = FALSE
	EndGlobalSection
	GlobalSection(ExtensibilityGlobals) = postSolution
		SolutionGuid = {47519EDB-96C1-420D-9880-0ED23E9855F6}
	EndGlobalSection
EndGlobal
