
Microsoft Visual Studio Solution File, Format Version 12.00
# Visual Studio Version 17
VisualStudioVersion = 17.13.35806.99 d17.13
MinimumVisualStudioVersion = 10.0.40219.1
Project("{FAE04EC0-301F-11D3-BF4B-00C04F79EFBC}") = "DotnetSeliniumTest", "DotnetSeliniumTest\DotnetSeliniumTest.csproj", "{059566B6-B23B-43A9-BDDE-9FEBC54FA75B}"
EndProject
Global
	GlobalSection(SolutionConfigurationPlatforms) = preSolution
		Debug|Any CPU = Debug|Any CPU
		Release|Any CPU = Release|Any CPU
	EndGlobalSection
	GlobalSection(ProjectConfigurationPlatforms) = postSolution
		{059566B6-B23B-43A9-BDDE-9FEBC54FA75B}.Debug|Any CPU.ActiveCfg = Debug|Any CPU
		{059566B6-B23B-43A9-BDDE-9FEBC54FA75B}.Debug|Any CPU.Build.0 = Debug|Any CPU
		{059566B6-B23B-43A9-BDDE-9FEBC54FA75B}.Release|Any CPU.ActiveCfg = Release|Any CPU
		{059566B6-B23B-43A9-BDDE-9FEBC54FA75B}.Release|Any CPU.Build.0 = Release|Any CPU
	EndGlobalSection
	GlobalSection(SolutionProperties) = preSolution
		HideSolutionNode = FALSE
	EndGlobalSection
	GlobalSection(ExtensibilityGlobals) = postSolution
		SolutionGuid = {A2C31C09-D8BD-4E7C-A13B-3F05368C6BD7}
	EndGlobalSection
EndGlobal
